
Microsoft Visual Studio Solution File, Format Version 12.00
# Visual Studio Version 16
VisualStudioVersion = 16.0.31129.286
MinimumVisualStudioVersion = 10.0.40219.1
Project("{FAE04EC0-301F-11D3-BF4B-00C04F79EFBC}") = "HN.JenkinsDeployTest", "HN.JenkinsDeployTest\HN.JenkinsDeployTest.csproj", "{7B95ED43-6CB1-4E11-922A-B7CB528B7581}"
EndProject
Global
	GlobalSection(SolutionConfigurationPlatforms) = preSolution
		Debug|Any CPU = Debug|Any CPU
		Release|Any CPU = Release|Any CPU
	EndGlobalSection
	GlobalSection(ProjectConfigurationPlatforms) = postSolution
		{7B95ED43-6CB1-4E11-922A-B7CB528B7581}.Debug|Any CPU.ActiveCfg = Debug|Any CPU
		{7B95ED43-6CB1-4E11-922A-B7CB528B7581}.Debug|Any CPU.Build.0 = Debug|Any CPU
		{7B95ED43-6CB1-4E11-922A-B7CB528B7581}.Release|Any CPU.ActiveCfg = Release|Any CPU
		{7B95ED43-6CB1-4E11-922A-B7CB528B7581}.Release|Any CPU.Build.0 = Release|Any CPU
	EndGlobalSection
	GlobalSection(SolutionProperties) = preSolution
		HideSolutionNode = FALSE
	EndGlobalSection
	GlobalSection(ExtensibilityGlobals) = postSolution
		SolutionGuid = {C5B61034-20F8-42FB-BAD5-8F375261B996}
	EndGlobalSection
EndGlobal
